schema: '2.0'
stages:
  load_data:
    cmd: python src/load_data.py --coonfig=params.yaml
    deps:
    - path: data_given/winequality.csv
      hash: md5
      md5: ccc8d3507eb151f53f760d36abdef888
      size: 91998
    - path: src/get_data.py
      hash: md5
      md5: 3aa8dac01d326cdd108ff0b824fc975a
      size: 1295
    - path: src/load_data.py
      hash: md5
      md5: 246802b4ecea62e38e0e52a2ed74e79f
      size: 958
    outs:
    - path: data/raw/winequality.csv
      hash: md5
      md5: 069b522b0321bc25a626ceeffcb8eb44
      size: 93598
  split_data:
    cmd: python src/split_data.py --config=params.yaml
    deps:
    - path: data/raw/winequality.csv
      hash: md5
      md5: 069b522b0321bc25a626ceeffcb8eb44
      size: 93598
    - path: src/get_data.py
      hash: md5
      md5: 3aa8dac01d326cdd108ff0b824fc975a
      size: 1295
    - path: src/split_data.py
      hash: md5
      md5: 512fa0c186ffb55037681153601356bc
      size: 1020
    outs:
    - path: data/processed/test_winequality.csv
      hash: md5
      md5: ee3284843265e5855bc07dd6427ab1c2
      size: 18831
    - path: data/processed/train_winequality.csv
      hash: md5
      md5: 81dce00e053ba5ebabeacf8e7dca537a
      size: 74913
  train_and_evaluate:
    cmd: python src/train_evaluate.py --params_configs=params.yaml
    deps:
    - path: data/processed/test_winequality.csv
      hash: md5
      md5: ee3284843265e5855bc07dd6427ab1c2
      size: 18831
    - path: data/processed/train_winequality.csv
      hash: md5
      md5: 81dce00e053ba5ebabeacf8e7dca537a
      size: 74913
    - path: src/train_evaluate.py
      hash: md5
      md5: 7f55fc8b2316813038cadbb067da3c1c
      size: 3529
    params:
      params.yaml:
        estimators.ElasticNet.params.alpha: 0.9
        estimators.ElasticNet.params.l1_ratio: 0.4
    outs:
    - path: report/params.json
      hash: md5
      md5: 73b482755344ec93cfb68e7ea8652081
      size: 44
    - path: report/scores.json
      hash: md5
      md5: 5cd8a2f801585bc183b001b1b8dfdf9d
      size: 101
    - path: saved_models/model.joblib
      hash: md5
      md5: 7d28973549517e0f537ba242bb56ccbb
      size: 1183
